
Microsoft Visual Studio Solution File, Format Version 12.00
# Visual Studio Version 16
VisualStudioVersion = 16.0.33529.622
MinimumVisualStudioVersion = 10.0.40219.1
Project("{FAE04EC0-301F-11D3-BF4B-00C04F79EFBC}") = "EventSkinMod", "EventSkinMod.csproj", "{042A1EFB-7BFE-46BC-BDA3-5F1E932D8F72}"
EndProject
Global
	GlobalSection(SolutionConfigurationPlatforms) = preSolution
		Debug|Any CPU = Debug|Any CPU
		Release|Any CPU = Release|Any CPU
	EndGlobalSection
	GlobalSection(ProjectConfigurationPlatforms) = postSolution
		{042A1EFB-7BFE-46BC-BDA3-5F1E932D8F72}.Debug|Any CPU.ActiveCfg = Debug|Any CPU
		{042A1EFB-7BFE-46BC-BDA3-5F1E932D8F72}.Debug|Any CPU.Build.0 = Debug|Any CPU
		{042A1EFB-7BFE-46BC-BDA3-5F1E932D8F72}.Release|Any CPU.ActiveCfg = Release|Any CPU
		{042A1EFB-7BFE-46BC-BDA3-5F1E932D8F72}.Release|Any CPU.Build.0 = Release|Any CPU
	EndGlobalSection
	GlobalSection(SolutionProperties) = preSolution
		HideSolutionNode = FALSE
	EndGlobalSection
	GlobalSection(ExtensibilityGlobals) = postSolution
		SolutionGuid = {69A7DD0B-40DF-4451-8645-97D93DC18E50}
	EndGlobalSection
EndGlobal
